
Microsoft Visual Studio Solution File, Format Version 12.00
# Visual Studio Version 16
VisualStudioVersion = 16.0.30320.27
MinimumVisualStudioVersion = 10.0.40219.1
Project("{FAE04EC0-301F-11D3-BF4B-00C04F79EFBC}") = "Pizza Exercise.Android", "Pizza Exercise\Pizza Exercise.Android\Pizza Exercise.Android.csproj", "{CECF8C16-85DC-4073-9EA8-26BB963CFAEC}"
EndProject
Project("{FAE04EC0-301F-11D3-BF4B-00C04F79EFBC}") = "Pizza Exercise.iOS", "Pizza Exercise\Pizza Exercise.iOS\Pizza Exercise.iOS.csproj", "{9003EA86-34C6-4F4F-A808-0B230CA7E615}"
EndProject
Project("{9A19103F-16F7-4668-BE54-9A1E7A4F7556}") = "Pizza Exercise.Web", "Pizza Exercise\Pizza Exercise.Web\Pizza Exercise.Web.csproj", "{5EB260CF-FC96-40C9-A9C3-DD7514AE9E6E}"
EndProject
Project("{9A19103F-16F7-4668-BE54-9A1E7A4F7556}") = "Pizza Exercise", "Pizza Exercise\Pizza Exercise\Pizza Exercise.csproj", "{9686DB55-709E-4E4D-87F2-D4123B50D284}"
EndProject
Project("{9A19103F-16F7-4668-BE54-9A1E7A4F7556}") = "UnitTest", "UnitTest\UnitTest.csproj", "{BBB68825-673B-49EE-811B-484E44A2C57F}"
EndProject
Global
	GlobalSection(SolutionConfigurationPlatforms) = preSolution
		Debug|Any CPU = Debug|Any CPU
		Debug|ARM = Debug|ARM
		Debug|iPhone = Debug|iPhone
		Debug|iPhoneSimulator = Debug|iPhoneSimulator
		Debug|x64 = Debug|x64
		Debug|x86 = Debug|x86
		Release|Any CPU = Release|Any CPU
		Release|ARM = Release|ARM
		Release|iPhone = Release|iPhone
		Release|iPhoneSimulator = Release|iPhoneSimulator
		Release|x64 = Release|x64
		Release|x86 = Release|x86
	EndGlobalSection
	GlobalSection(ProjectConfigurationPlatforms) = postSolution
		{CECF8C16-85DC-4073-9EA8-26BB963CFAEC}.Debug|Any CPU.ActiveCfg = Debug|Any CPU
		{CECF8C16-85DC-4073-9EA8-26BB963CFAEC}.Debug|Any CPU.Build.0 = Debug|Any CPU
		{CECF8C16-85DC-4073-9EA8-26BB963CFAEC}.Debug|Any CPU.Deploy.0 = Debug|Any CPU
		{CECF8C16-85DC-4073-9EA8-26BB963CFAEC}.Debug|ARM.ActiveCfg = Debug|Any CPU
		{CECF8C16-85DC-4073-9EA8-26BB963CFAEC}.Debug|ARM.Build.0 = Debug|Any CPU
		{CECF8C16-85DC-4073-9EA8-26BB963CFAEC}.Debug|ARM.Deploy.0 = Debug|Any CPU
		{CECF8C16-85DC-4073-9EA8-26BB963CFAEC}.Debug|iPhone.ActiveCfg = Debug|Any CPU
		{CECF8C16-85DC-4073-9EA8-26BB963CFAEC}.Debug|iPhone.Build.0 = Debug|Any CPU
		{CECF8C16-85DC-4073-9EA8-26BB963CFAEC}.Debug|iPhone.Deploy.0 = Debug|Any CPU
		{CECF8C16-85DC-4073-9EA8-26BB963CFAEC}.Debug|iPhoneSimulator.ActiveCfg = Debug|Any CPU
		{CECF8C16-85DC-4073-9EA8-26BB963CFAEC}.Debug|iPhoneSimulator.Build.0 = Debug|Any CPU
		{CECF8C16-85DC-4073-9EA8-26BB963CFAEC}.Debug|iPhoneSimulator.Deploy.0 = Debug|Any CPU
		{CECF8C16-85DC-4073-9EA8-26BB963CFAEC}.Debug|x64.ActiveCfg = Debug|Any CPU
		{CECF8C16-85DC-4073-9EA8-26BB963CFAEC}.Debug|x64.Build.0 = Debug|Any CPU
		{CECF8C16-85DC-4073-9EA8-26BB963CFAEC}.Debug|x64.Deploy.0 = Debug|Any CPU
		{CECF8C16-85DC-4073-9EA8-26BB963CFAEC}.Debug|x86.ActiveCfg = Debug|Any CPU
		{CECF8C16-85DC-4073-9EA8-26BB963CFAEC}.Debug|x86.Build.0 = Debug|Any CPU
		{CECF8C16-85DC-4073-9EA8-26BB963CFAEC}.Debug|x86.Deploy.0 = Debug|Any CPU
		{CECF8C16-85DC-4073-9EA8-26BB963CFAEC}.Release|Any CPU.ActiveCfg = Release|Any CPU
		{CECF8C16-85DC-4073-9EA8-26BB963CFAEC}.Release|Any CPU.Build.0 = Release|Any CPU
		{CECF8C16-85DC-4073-9EA8-26BB963CFAEC}.Release|Any CPU.Deploy.0 = Release|Any CPU
		{CECF8C16-85DC-4073-9EA8-26BB963CFAEC}.Release|ARM.ActiveCfg = Release|Any CPU
		{CECF8C16-85DC-4073-9EA8-26BB963CFAEC}.Release|ARM.Build.0 = Release|Any CPU
		{CECF8C16-85DC-4073-9EA8-26BB963CFAEC}.Release|ARM.Deploy.0 = Release|Any CPU
		{CECF8C16-85DC-4073-9EA8-26BB963CFAEC}.Release|iPhone.ActiveCfg = Release|Any CPU
		{CECF8C16-85DC-4073-9EA8-26BB963CFAEC}.Release|iPhone.Build.0 = Release|Any CPU
		{CECF8C16-85DC-4073-9EA8-26BB963CFAEC}.Release|iPhone.Deploy.0 = Release|Any CPU
		{CECF8C16-85DC-4073-9EA8-26BB963CFAEC}.Release|iPhoneSimulator.ActiveCfg = Release|Any CPU
		{CECF8C16-85DC-4073-9EA8-26BB963CFAEC}.Release|iPhoneSimulator.Build.0 = Release|Any CPU
		{CECF8C16-85DC-4073-9EA8-26BB963CFAEC}.Release|iPhoneSimulator.Deploy.0 = Release|Any CPU
		{CECF8C16-85DC-4073-9EA8-26BB963CFAEC}.Release|x64.ActiveCfg = Release|Any CPU
		{CECF8C16-85DC-4073-9EA8-26BB963CFAEC}.Release|x64.Build.0 = Release|Any CPU
		{CECF8C16-85DC-4073-9EA8-26BB963CFAEC}.Release|x64.Deploy.0 = Release|Any CPU
		{CECF8C16-85DC-4073-9EA8-26BB963CFAEC}.Release|x86.ActiveCfg = Release|Any CPU
		{CECF8C16-85DC-4073-9EA8-26BB963CFAEC}.Release|x86.Build.0 = Release|Any CPU
		{CECF8C16-85DC-4073-9EA8-26BB963CFAEC}.Release|x86.Deploy.0 = Release|Any CPU
		{9003EA86-34C6-4F4F-A808-0B230CA7E615}.Debug|Any CPU.ActiveCfg = Debug|iPhone
		{9003EA86-34C6-4F4F-A808-0B230CA7E615}.Debug|Any CPU.Build.0 = Debug|iPhone
		{9003EA86-34C6-4F4F-A808-0B230CA7E615}.Debug|Any CPU.Deploy.0 = Debug|iPhone
		{9003EA86-34C6-4F4F-A808-0B230CA7E615}.Debug|ARM.ActiveCfg = Debug|iPhoneSimulator
		{9003EA86-34C6-4F4F-A808-0B230CA7E615}.Debug|iPhone.ActiveCfg = Debug|iPhone
		{9003EA86-34C6-4F4F-A808-0B230CA7E615}.Debug|iPhone.Build.0 = Debug|iPhone
		{9003EA86-34C6-4F4F-A808-0B230CA7E615}.Debug|iPhone.Deploy.0 = Debug|iPhone
		{9003EA86-34C6-4F4F-A808-0B230CA7E615}.Debug|iPhoneSimulator.ActiveCfg = Debug|iPhoneSimulator
		{9003EA86-34C6-4F4F-A808-0B230CA7E615}.Debug|iPhoneSimulator.Build.0 = Debug|iPhoneSimulator
		{9003EA86-34C6-4F4F-A808-0B230CA7E615}.Debug|iPhoneSimulator.Deploy.0 = Debug|iPhoneSimulator
		{9003EA86-34C6-4F4F-A808-0B230CA7E615}.Debug|x64.ActiveCfg = Debug|iPhoneSimulator
		{9003EA86-34C6-4F4F-A808-0B230CA7E615}.Debug|x86.ActiveCfg = Debug|iPhoneSimulator
		{9003EA86-34C6-4F4F-A808-0B230CA7E615}.Release|Any CPU.ActiveCfg = Release|iPhone
		{9003EA86-34C6-4F4F-A808-0B230CA7E615}.Release|Any CPU.Build.0 = Release|iPhone
		{9003EA86-34C6-4F4F-A808-0B230CA7E615}.Release|Any CPU.Deploy.0 = Release|iPhone
		{9003EA86-34C6-4F4F-A808-0B230CA7E615}.Release|ARM.ActiveCfg = Release|iPhoneSimulator
		{9003EA86-34C6-4F4F-A808-0B230CA7E615}.Release|iPhone.ActiveCfg = Release|iPhone
		{9003EA86-34C6-4F4F-A808-0B230CA7E615}.Release|iPhone.Build.0 = Release|iPhone
		{9003EA86-34C6-4F4F-A808-0B230CA7E615}.Release|iPhone.Deploy.0 = Release|iPhone
		{9003EA86-34C6-4F4F-A808-0B230CA7E615}.Release|iPhoneSimulator.ActiveCfg = Release|iPhoneSimulator
		{9003EA86-34C6-4F4F-A808-0B230CA7E615}.Release|iPhoneSimulator.Build.0 = Release|iPhoneSimulator
		{9003EA86-34C6-4F4F-A808-0B230CA7E615}.Release|iPhoneSimulator.Deploy.0 = Release|iPhoneSimulator
		{9003EA86-34C6-4F4F-A808-0B230CA7E615}.Release|x64.ActiveCfg = Release|iPhoneSimulator
		{9003EA86-34C6-4F4F-A808-0B230CA7E615}.Release|x86.ActiveCfg = Release|iPhoneSimulator
		{5EB260CF-FC96-40C9-A9C3-DD7514AE9E6E}.Debug|Any CPU.ActiveCfg = Debug|Any CPU
		{5EB260CF-FC96-40C9-A9C3-DD7514AE9E6E}.Debug|Any CPU.Build.0 = Debug|Any CPU
		{5EB260CF-FC96-40C9-A9C3-DD7514AE9E6E}.Debug|Any CPU.Deploy.0 = Debug|Any CPU
		{5EB260CF-FC96-40C9-A9C3-DD7514AE9E6E}.Debug|ARM.ActiveCfg = Debug|Any CPU
		{5EB260CF-FC96-40C9-A9C3-DD7514AE9E6E}.Debug|ARM.Build.0 = Debug|Any CPU
		{5EB260CF-FC96-40C9-A9C3-DD7514AE9E6E}.Debug|iPhone.ActiveCfg = Debug|Any CPU
		{5EB260CF-FC96-40C9-A9C3-DD7514AE9E6E}.Debug|iPhone.Build.0 = Debug|Any CPU
		{5EB260CF-FC96-40C9-A9C3-DD7514AE9E6E}.Debug|iPhone.Deploy.0 = Debug|Any CPU
		{5EB260CF-FC96-40C9-A9C3-DD7514AE9E6E}.Debug|iPhoneSimulator.ActiveCfg = Debug|Any CPU
		{5EB260CF-FC96-40C9-A9C3-DD7514AE9E6E}.Debug|iPhoneSimulator.Build.0 = Debug|Any CPU
		{5EB260CF-FC96-40C9-A9C3-DD7514AE9E6E}.Debug|iPhoneSimulator.Deploy.0 = Debug|Any CPU
		{5EB260CF-FC96-40C9-A9C3-DD7514AE9E6E}.Debug|x64.ActiveCfg = Debug|Any CPU
		{5EB260CF-FC96-40C9-A9C3-DD7514AE9E6E}.Debug|x64.Build.0 = Debug|Any CPU
		{5EB260CF-FC96-40C9-A9C3-DD7514AE9E6E}.Debug|x86.ActiveCfg = Debug|Any CPU
		{5EB260CF-FC96-40C9-A9C3-DD7514AE9E6E}.Debug|x86.Build.0 = Debug|Any CPU
		{5EB260CF-FC96-40C9-A9C3-DD7514AE9E6E}.Release|Any CPU.ActiveCfg = Release|Any CPU
		{5EB260CF-FC96-40C9-A9C3-DD7514AE9E6E}.Release|Any CPU.Build.0 = Release|Any CPU
		{5EB260CF-FC96-40C9-A9C3-DD7514AE9E6E}.Release|Any CPU.Deploy.0 = Release|Any CPU
		{5EB260CF-FC96-40C9-A9C3-DD7514AE9E6E}.Release|ARM.ActiveCfg = Release|Any CPU
		{5EB260CF-FC96-40C9-A9C3-DD7514AE9E6E}.Release|ARM.Build.0 = Release|Any CPU
		{5EB260CF-FC96-40C9-A9C3-DD7514AE9E6E}.Release|iPhone.ActiveCfg = Release|Any CPU
		{5EB260CF-FC96-40C9-A9C3-DD7514AE9E6E}.Release|iPhone.Build.0 = Release|Any CPU
		{5EB260CF-FC96-40C9-A9C3-DD7514AE9E6E}.Release|iPhone.Deploy.0 = Release|Any CPU
		{5EB260CF-FC96-40C9-A9C3-DD7514AE9E6E}.Release|iPhoneSimulator.ActiveCfg = Release|Any CPU
		{5EB260CF-FC96-40C9-A9C3-DD7514AE9E6E}.Release|iPhoneSimulator.Build.0 = Release|Any CPU
		{5EB260CF-FC96-40C9-A9C3-DD7514AE9E6E}.Release|iPhoneSimulator.Deploy.0 = Release|Any CPU
		{5EB260CF-FC96-40C9-A9C3-DD7514AE9E6E}.Release|x64.ActiveCfg = Release|Any CPU
		{5EB260CF-FC96-40C9-A9C3-DD7514AE9E6E}.Release|x64.Build.0 = Release|Any CPU
		{5EB260CF-FC96-40C9-A9C3-DD7514AE9E6E}.Release|x86.ActiveCfg = Release|Any CPU
		{5EB260CF-FC96-40C9-A9C3-DD7514AE9E6E}.Release|x86.Build.0 = Release|Any CPU
		{9686DB55-709E-4E4D-87F2-D4123B50D284}.Debug|Any CPU.ActiveCfg = Debug|Any CPU
		{9686DB55-709E-4E4D-87F2-D4123B50D284}.Debug|Any CPU.Build.0 = Debug|Any CPU
		{9686DB55-709E-4E4D-87F2-D4123B50D284}.Debug|Any CPU.Deploy.0 = Debug|Any CPU
		{9686DB55-709E-4E4D-87F2-D4123B50D284}.Debug|ARM.ActiveCfg = Debug|Any CPU
		{9686DB55-709E-4E4D-87F2-D4123B50D284}.Debug|ARM.Build.0 = Debug|Any CPU
		{9686DB55-709E-4E4D-87F2-D4123B50D284}.Debug|iPhone.ActiveCfg = Debug|Any CPU
		{9686DB55-709E-4E4D-87F2-D4123B50D284}.Debug|iPhone.Build.0 = Debug|Any CPU
		{9686DB55-709E-4E4D-87F2-D4123B50D284}.Debug|iPhone.Deploy.0 = Debug|Any CPU
		{9686DB55-709E-4E4D-87F2-D4123B50D284}.Debug|iPhoneSimulator.ActiveCfg = Debug|Any CPU
		{9686DB55-709E-4E4D-87F2-D4123B50D284}.Debug|iPhoneSimulator.Build.0 = Debug|Any CPU
		{9686DB55-709E-4E4D-87F2-D4123B50D284}.Debug|iPhoneSimulator.Deploy.0 = Debug|Any CPU
		{9686DB55-709E-4E4D-87F2-D4123B50D284}.Debug|x64.ActiveCfg = Debug|Any CPU
		{9686DB55-709E-4E4D-87F2-D4123B50D284}.Debug|x64.Build.0 = Debug|Any CPU
		{9686DB55-709E-4E4D-87F2-D4123B50D284}.Debug|x86.ActiveCfg = Debug|Any CPU
		{9686DB55-709E-4E4D-87F2-D4123B50D284}.Debug|x86.Build.0 = Debug|Any CPU
		{9686DB55-709E-4E4D-87F2-D4123B50D284}.Release|Any CPU.ActiveCfg = Release|Any CPU
		{9686DB55-709E-4E4D-87F2-D4123B50D284}.Release|Any CPU.Build.0 = Release|Any CPU
		{9686DB55-709E-4E4D-87F2-D4123B50D284}.Release|Any CPU.Deploy.0 = Release|Any CPU
		{9686DB55-709E-4E4D-87F2-D4123B50D284}.Release|ARM.ActiveCfg = Release|Any CPU
		{9686DB55-709E-4E4D-87F2-D4123B50D284}.Release|ARM.Build.0 = Release|Any CPU
		{9686DB55-709E-4E4D-87F2-D4123B50D284}.Release|iPhone.ActiveCfg = Release|Any CPU
		{9686DB55-709E-4E4D-87F2-D4123B50D284}.Release|iPhone.Build.0 = Release|Any CPU
		{9686DB55-709E-4E4D-87F2-D4123B50D284}.Release|iPhone.Deploy.0 = Release|Any CPU
		{9686DB55-709E-4E4D-87F2-D4123B50D284}.Release|iPhoneSimulator.ActiveCfg = Release|Any CPU
		{9686DB55-709E-4E4D-87F2-D4123B50D284}.Release|iPhoneSimulator.Build.0 = Release|Any CPU
		{9686DB55-709E-4E4D-87F2-D4123B50D284}.Release|iPhoneSimulator.Deploy.0 = Release|Any CPU
		{9686DB55-709E-4E4D-87F2-D4123B50D284}.Release|x64.ActiveCfg = Release|Any CPU
		{9686DB55-709E-4E4D-87F2-D4123B50D284}.Release|x64.Build.0 = Release|Any CPU
		{9686DB55-709E-4E4D-87F2-D4123B50D284}.Release|x86.ActiveCfg = Release|Any CPU
		{9686DB55-709E-4E4D-87F2-D4123B50D284}.Release|x86.Build.0 = Release|Any CPU
		{BBB68825-673B-49EE-811B-484E44A2C57F}.Debug|Any CPU.ActiveCfg = Debug|Any CPU
		{BBB68825-673B-49EE-811B-484E44A2C57F}.Debug|Any CPU.Build.0 = Debug|Any CPU
		{BBB68825-673B-49EE-811B-484E44A2C57F}.Debug|ARM.ActiveCfg = Debug|Any CPU
		{BBB68825-673B-49EE-811B-484E44A2C57F}.Debug|ARM.Build.0 = Debug|Any CPU
		{BBB68825-673B-49EE-811B-484E44A2C57F}.Debug|iPhone.ActiveCfg = Debug|Any CPU
		{BBB68825-673B-49EE-811B-484E44A2C57F}.Debug|iPhone.Build.0 = Debug|Any CPU
		{BBB68825-673B-49EE-811B-484E44A2C57F}.Debug|iPhoneSimulator.ActiveCfg = Debug|Any CPU
		{BBB68825-673B-49EE-811B-484E44A2C57F}.Debug|iPhoneSimulator.Build.0 = Debug|Any CPU
		{BBB68825-673B-49EE-811B-484E44A2C57F}.Debug|x64.ActiveCfg = Debug|Any CPU
		{BBB68825-673B-49EE-811B-484E44A2C57F}.Debug|x64.Build.0 = Debug|Any CPU
		{BBB68825-673B-49EE-811B-484E44A2C57F}.Debug|x86.ActiveCfg = Debug|Any CPU
		{BBB68825-673B-49EE-811B-484E44A2C57F}.Debug|x86.Build.0 = Debug|Any CPU
		{BBB68825-673B-49EE-811B-484E44A2C57F}.Release|Any CPU.ActiveCfg = Release|Any CPU
		{BBB68825-673B-49EE-811B-484E44A2C57F}.Release|Any CPU.Build.0 = Release|Any CPU
		{BBB68825-673B-49EE-811B-484E44A2C57F}.Release|ARM.ActiveCfg = Release|Any CPU
		{BBB68825-673B-49EE-811B-484E44A2C57F}.Release|ARM.Build.0 = Release|Any CPU
		{BBB68825-673B-49EE-811B-484E44A2C57F}.Release|iPhone.ActiveCfg = Release|Any CPU
		{BBB68825-673B-49EE-811B-484E44A2C57F}.Release|iPhone.Build.0 = Release|Any CPU
		{BBB68825-673B-49EE-811B-484E44A2C57F}.Release|iPhoneSimulator.ActiveCfg = Release|Any CPU
		{BBB68825-673B-49EE-811B-484E44A2C57F}.Release|iPhoneSimulator.Build.0 = Release|Any CPU
		{BBB68825-673B-49EE-811B-484E44A2C57F}.Release|x64.ActiveCfg = Release|Any CPU
		{BBB68825-673B-49EE-811B-484E44A2C57F}.Release|x64.Build.0 = Release|Any CPU
		{BBB68825-673B-49EE-811B-484E44A2C57F}.Release|x86.ActiveCfg = Release|Any CPU
		{BBB68825-673B-49EE-811B-484E44A2C57F}.Release|x86.Build.0 = Release|Any CPU
	EndGlobalSection
	GlobalSection(SolutionProperties) = preSolution
		HideSolutionNode = FALSE
	EndGlobalSection
	GlobalSection(ExtensibilityGlobals) = postSolution
		SolutionGuid = {4809FD35-DCEB-4E6A-9C8D-182937DFA2D1}
	EndGlobalSection
EndGlobal
